
Microsoft Visual Studio Solution File, Format Version 12.00
# Visual Studio Version 16
VisualStudioVersion = 16.0.30709.132
MinimumVisualStudioVersion = 10.0.40219.1
Project("{2150E333-8FDC-42A3-9474-1A3956D46DE8}") = "01.Clientes", "01.Clientes", "{C8BE69FA-E12D-4A71-B63C-CFE28E78E675}"
EndProject
Project("{2150E333-8FDC-42A3-9474-1A3956D46DE8}") = "02.Api.Gateways", "02.Api.Gateways", "{11B4A8F4-9832-439E-869A-70705AB80F14}"
EndProject
Project("{2150E333-8FDC-42A3-9474-1A3956D46DE8}") = "03.Services", "03.Services", "{ED96AF16-0808-4459-82D0-A85E77EE9FC6}"
EndProject
Project("{2150E333-8FDC-42A3-9474-1A3956D46DE8}") = "01.Identity", "01.Identity", "{734950EA-0E39-4BE9-BC49-8003ADC9845D}"
EndProject
Project("{2150E333-8FDC-42A3-9474-1A3956D46DE8}") = "02.Solicitudes", "02.Solicitudes", "{601C1186-A5B1-432F-ACFB-1DC2C7CA9011}"
EndProject
Project("{FAE04EC0-301F-11D3-BF4B-00C04F79EFBC}") = "solicitudes.api", "src\Services\Solicitudes\solicitudes.api\solicitudes.api.csproj", "{D28BE63B-0B6D-4CB4-8FBD-3A6CC924E28A}"
EndProject
Project("{2150E333-8FDC-42A3-9474-1A3956D46DE8}") = "01.Api", "01.Api", "{973267F2-F73B-4B74-8611-1F5783F39B03}"
EndProject
Project("{2150E333-8FDC-42A3-9474-1A3956D46DE8}") = "02.Services", "02.Services", "{64BB7C10-3817-4C10-8CAD-4E5339829519}"
EndProject
Project("{2150E333-8FDC-42A3-9474-1A3956D46DE8}") = "03.Persistence", "03.Persistence", "{34651F25-464D-4611-96F0-4AC060FECFD3}"
EndProject
Project("{2150E333-8FDC-42A3-9474-1A3956D46DE8}") = "04.Models", "04.Models", "{A4C16238-E2F5-43D1-BAC5-D33553877175}"
EndProject
Project("{FAE04EC0-301F-11D3-BF4B-00C04F79EFBC}") = "solicitudes.Domain", "src\Services\Solicitudes\solicitudes.Domain\solicitudes.Domain.csproj", "{8D9773A2-D554-4A1A-8203-C9C2B9ACFE4F}"
EndProject
Project("{FAE04EC0-301F-11D3-BF4B-00C04F79EFBC}") = "solisitudes.Persistence.Database", "src\Services\Solicitudes\solisitudes.Persistence.Database\solisitudes.Persistence.Database.csproj", "{DB01C341-695D-4444-8662-CFDFA88BC1E1}"
EndProject
Project("{FAE04EC0-301F-11D3-BF4B-00C04F79EFBC}") = "solicitudes.Service.Queries", "src\Services\Solicitudes\solicitudes.Service.Query\solicitudes.Service.Queries.csproj", "{2EC24180-7B8C-490F-A3E1-4E8931A58B6B}"
EndProject
Project("{2150E333-8FDC-42A3-9474-1A3956D46DE8}") = "Common", "Common", "{EFBC2E3A-D376-4EA8-919B-CF3CC156F77D}"
EndProject
Project("{FAE04EC0-301F-11D3-BF4B-00C04F79EFBC}") = "Service.Common.Collection", "src\Common\Service.Common.Collection\Service.Common.Collection.csproj", "{2A0CBC50-468B-4BFC-838C-C2DA4517232C}"
EndProject
Project("{FAE04EC0-301F-11D3-BF4B-00C04F79EFBC}") = "Service.Common.Mapping", "src\Common\Service.Common.Mapping\Service.Common.Mapping.csproj", "{380C7B7C-0547-414D-9130-4174CB11572E}"
EndProject
Project("{FAE04EC0-301F-11D3-BF4B-00C04F79EFBC}") = "Service.Common.Paging", "src\Common\Service.Common.Paging\Service.Common.Paging.csproj", "{5E993064-F4A9-40EC-8BF7-F40ECE95E909}"
EndProject
Project("{FAE04EC0-301F-11D3-BF4B-00C04F79EFBC}") = "solicitudes.Service.EventHandlers", "src\Services\Solicitudes\solicitudes.Service.EventHandlers\solicitudes.Service.EventHandlers.csproj", "{4845BB14-D844-4A0D-AB3D-DCA2DE001FA8}"
EndProject
Global
	GlobalSection(SolutionConfigurationPlatforms) = preSolution
		Debug|Any CPU = Debug|Any CPU
		Release|Any CPU = Release|Any CPU
	EndGlobalSection
	GlobalSection(ProjectConfigurationPlatforms) = postSolution
		{D28BE63B-0B6D-4CB4-8FBD-3A6CC924E28A}.Debug|Any CPU.ActiveCfg = Debug|Any CPU
		{D28BE63B-0B6D-4CB4-8FBD-3A6CC924E28A}.Debug|Any CPU.Build.0 = Debug|Any CPU
		{D28BE63B-0B6D-4CB4-8FBD-3A6CC924E28A}.Release|Any CPU.ActiveCfg = Release|Any CPU
		{D28BE63B-0B6D-4CB4-8FBD-3A6CC924E28A}.Release|Any CPU.Build.0 = Release|Any CPU
		{8D9773A2-D554-4A1A-8203-C9C2B9ACFE4F}.Debug|Any CPU.ActiveCfg = Debug|Any CPU
		{8D9773A2-D554-4A1A-8203-C9C2B9ACFE4F}.Debug|Any CPU.Build.0 = Debug|Any CPU
		{8D9773A2-D554-4A1A-8203-C9C2B9ACFE4F}.Release|Any CPU.ActiveCfg = Release|Any CPU
		{8D9773A2-D554-4A1A-8203-C9C2B9ACFE4F}.Release|Any CPU.Build.0 = Release|Any CPU
		{DB01C341-695D-4444-8662-CFDFA88BC1E1}.Debug|Any CPU.ActiveCfg = Debug|Any CPU
		{DB01C341-695D-4444-8662-CFDFA88BC1E1}.Debug|Any CPU.Build.0 = Debug|Any CPU
		{DB01C341-695D-4444-8662-CFDFA88BC1E1}.Release|Any CPU.ActiveCfg = Release|Any CPU
		{DB01C341-695D-4444-8662-CFDFA88BC1E1}.Release|Any CPU.Build.0 = Release|Any CPU
		{2EC24180-7B8C-490F-A3E1-4E8931A58B6B}.Debug|Any CPU.ActiveCfg = Debug|Any CPU
		{2EC24180-7B8C-490F-A3E1-4E8931A58B6B}.Debug|Any CPU.Build.0 = Debug|Any CPU
		{2EC24180-7B8C-490F-A3E1-4E8931A58B6B}.Release|Any CPU.ActiveCfg = Release|Any CPU
		{2EC24180-7B8C-490F-A3E1-4E8931A58B6B}.Release|Any CPU.Build.0 = Release|Any CPU
		{2A0CBC50-468B-4BFC-838C-C2DA4517232C}.Debug|Any CPU.ActiveCfg = Debug|Any CPU
		{2A0CBC50-468B-4BFC-838C-C2DA4517232C}.Debug|Any CPU.Build.0 = Debug|Any CPU
		{2A0CBC50-468B-4BFC-838C-C2DA4517232C}.Release|Any CPU.ActiveCfg = Release|Any CPU
		{2A0CBC50-468B-4BFC-838C-C2DA4517232C}.Release|Any CPU.Build.0 = Release|Any CPU
		{380C7B7C-0547-414D-9130-4174CB11572E}.Debug|Any CPU.ActiveCfg = Debug|Any CPU
		{380C7B7C-0547-414D-9130-4174CB11572E}.Debug|Any CPU.Build.0 = Debug|Any CPU
		{380C7B7C-0547-414D-9130-4174CB11572E}.Release|Any CPU.ActiveCfg = Release|Any CPU
		{380C7B7C-0547-414D-9130-4174CB11572E}.Release|Any CPU.Build.0 = Release|Any CPU
		{5E993064-F4A9-40EC-8BF7-F40ECE95E909}.Debug|Any CPU.ActiveCfg = Debug|Any CPU
		{5E993064-F4A9-40EC-8BF7-F40ECE95E909}.Debug|Any CPU.Build.0 = Debug|Any CPU
		{5E993064-F4A9-40EC-8BF7-F40ECE95E909}.Release|Any CPU.ActiveCfg = Release|Any CPU
		{5E993064-F4A9-40EC-8BF7-F40ECE95E909}.Release|Any CPU.Build.0 = Release|Any CPU
		{4845BB14-D844-4A0D-AB3D-DCA2DE001FA8}.Debug|Any CPU.ActiveCfg = Debug|Any CPU
		{4845BB14-D844-4A0D-AB3D-DCA2DE001FA8}.Debug|Any CPU.Build.0 = Debug|Any CPU
		{4845BB14-D844-4A0D-AB3D-DCA2DE001FA8}.Release|Any CPU.ActiveCfg = Release|Any CPU
		{4845BB14-D844-4A0D-AB3D-DCA2DE001FA8}.Release|Any CPU.Build.0 = Release|Any CPU
	EndGlobalSection
	GlobalSection(SolutionProperties) = preSolution
		HideSolutionNode = FALSE
	EndGlobalSection
	GlobalSection(NestedProjects) = preSolution
		{734950EA-0E39-4BE9-BC49-8003ADC9845D} = {ED96AF16-0808-4459-82D0-A85E77EE9FC6}
		{601C1186-A5B1-432F-ACFB-1DC2C7CA9011} = {ED96AF16-0808-4459-82D0-A85E77EE9FC6}
		{D28BE63B-0B6D-4CB4-8FBD-3A6CC924E28A} = {973267F2-F73B-4B74-8611-1F5783F39B03}
		{973267F2-F73B-4B74-8611-1F5783F39B03} = {601C1186-A5B1-432F-ACFB-1DC2C7CA9011}
		{64BB7C10-3817-4C10-8CAD-4E5339829519} = {601C1186-A5B1-432F-ACFB-1DC2C7CA9011}
		{34651F25-464D-4611-96F0-4AC060FECFD3} = {601C1186-A5B1-432F-ACFB-1DC2C7CA9011}
		{A4C16238-E2F5-43D1-BAC5-D33553877175} = {601C1186-A5B1-432F-ACFB-1DC2C7CA9011}
		{8D9773A2-D554-4A1A-8203-C9C2B9ACFE4F} = {A4C16238-E2F5-43D1-BAC5-D33553877175}
		{DB01C341-695D-4444-8662-CFDFA88BC1E1} = {34651F25-464D-4611-96F0-4AC060FECFD3}
		{2EC24180-7B8C-490F-A3E1-4E8931A58B6B} = {64BB7C10-3817-4C10-8CAD-4E5339829519}
		{EFBC2E3A-D376-4EA8-919B-CF3CC156F77D} = {ED96AF16-0808-4459-82D0-A85E77EE9FC6}
		{2A0CBC50-468B-4BFC-838C-C2DA4517232C} = {EFBC2E3A-D376-4EA8-919B-CF3CC156F77D}
		{380C7B7C-0547-414D-9130-4174CB11572E} = {EFBC2E3A-D376-4EA8-919B-CF3CC156F77D}
		{5E993064-F4A9-40EC-8BF7-F40ECE95E909} = {EFBC2E3A-D376-4EA8-919B-CF3CC156F77D}
		{4845BB14-D844-4A0D-AB3D-DCA2DE001FA8} = {64BB7C10-3817-4C10-8CAD-4E5339829519}
	EndGlobalSection
	GlobalSection(ExtensibilityGlobals) = postSolution
		SolutionGuid = {C9FD6847-9AB9-4F8A-89F7-CB6A35C42564}
	EndGlobalSection
EndGlobal
